
Microsoft Visual Studio Solution File, Format Version 12.00
# Visual Studio 15
VisualStudioVersion = 15.0.28010.2026
MinimumVisualStudioVersion = 10.0.40219.1
Project("{8BC9CEB8-8B4A-11D0-8D11-00A0C91BC942}") = "GameEngine", "GameEngine\GameEngine.vcxproj", "{904AB588-EE44-4E41-8812-12A7591011DF}"
EndProject
Project("{8BC9CEB8-8B4A-11D0-8D11-00A0C91BC942}") = "GameEngine_Test", "GameEngine_Test\GameEngine_Test.vcxproj", "{388DF281-7C70-4A5B-B513-04B982A7EEDA}"
EndProject
Global
	GlobalSection(SolutionConfigurationPlatforms) = preSolution
		Debug|x64 = Debug|x64
		Debug|x86 = Debug|x86
		Release|x64 = Release|x64
		Release|x86 = Release|x86
	EndGlobalSection
	GlobalSection(ProjectConfigurationPlatforms) = postSolution
		{904AB588-EE44-4E41-8812-12A7591011DF}.Debug|x64.ActiveCfg = Debug|x64
		{904AB588-EE44-4E41-8812-12A7591011DF}.Debug|x64.Build.0 = Debug|x64
		{904AB588-EE44-4E41-8812-12A7591011DF}.Debug|x86.ActiveCfg = Debug|Win32
		{904AB588-EE44-4E41-8812-12A7591011DF}.Debug|x86.Build.0 = Debug|Win32
		{904AB588-EE44-4E41-8812-12A7591011DF}.Release|x64.ActiveCfg = Release|x64
		{904AB588-EE44-4E41-8812-12A7591011DF}.Release|x64.Build.0 = Release|x64
		{904AB588-EE44-4E41-8812-12A7591011DF}.Release|x86.ActiveCfg = Release|Win32
		{904AB588-EE44-4E41-8812-12A7591011DF}.Release|x86.Build.0 = Release|Win32
		{388DF281-7C70-4A5B-B513-04B982A7EEDA}.Debug|x64.ActiveCfg = Debug|x64
		{388DF281-7C70-4A5B-B513-04B982A7EEDA}.Debug|x64.Build.0 = Debug|x64
		{388DF281-7C70-4A5B-B513-04B982A7EEDA}.Debug|x86.ActiveCfg = Debug|Win32
		{388DF281-7C70-4A5B-B513-04B982A7EEDA}.Debug|x86.Build.0 = Debug|Win32
		{388DF281-7C70-4A5B-B513-04B982A7EEDA}.Release|x64.ActiveCfg = Release|x64
		{388DF281-7C70-4A5B-B513-04B982A7EEDA}.Release|x64.Build.0 = Release|x64
		{388DF281-7C70-4A5B-B513-04B982A7EEDA}.Release|x86.ActiveCfg = Release|Win32
		{388DF281-7C70-4A5B-B513-04B982A7EEDA}.Release|x86.Build.0 = Release|Win32
	EndGlobalSection
	GlobalSection(SolutionProperties) = preSolution
		HideSolutionNode = FALSE
	EndGlobalSection
	GlobalSection(ExtensibilityGlobals) = postSolution
		SolutionGuid = {AF213C54-EFB7-4225-A7FE-9ADD96711915}
	EndGlobalSection
EndGlobal
